// !$*UTF8*$!
{
	archiveVersion = 1;
	classes = {
	};
	objectVersion = 51;
	objects = {

/* Begin PBXBuildFile section */
		32CDDCA70A770B86F22658EC /* Pods_budget_lite.framework in Frameworks */ = {isa = PBXBuildFile; fileRef = 46C8C167A45AC5597457335E /* Pods_budget_lite.framework */; };
		771E00A225F3DE2700C0CA58 /* Extensions.swift in Sources */ = {isa = PBXBuildFile; fileRef = 771E00A125F3DE2700C0CA58 /* Extensions.swift */; };
		779E2AAF25E7FBAF008B084C /* Expense.swift in Sources */ = {isa = PBXBuildFile; fileRef = 779E2AAE25E7FBAF008B084C /* Expense.swift */; };
		779E2AB625E7FE57008B084C /* SpendingDate.swift in Sources */ = {isa = PBXBuildFile; fileRef = 779E2AB525E7FE57008B084C /* SpendingDate.swift */; };
		77A8FE1825E452EF001A31CA /* AppDelegate.swift in Sources */ = {isa = PBXBuildFile; fileRef = 77A8FE1725E452EF001A31CA /* AppDelegate.swift */; };
		77A8FE1A25E452EF001A31CA /* SceneDelegate.swift in Sources */ = {isa = PBXBuildFile; fileRef = 77A8FE1925E452EF001A31CA /* SceneDelegate.swift */; };
		77A8FE1C25E452EF001A31CA /* ExpenseViewController.swift in Sources */ = {isa = PBXBuildFile; fileRef = 77A8FE1B25E452EF001A31CA /* ExpenseViewController.swift */; };
		77A8FE1F25E452EF001A31CA /* Main.storyboard in Resources */ = {isa = PBXBuildFile; fileRef = 77A8FE1D25E452EF001A31CA /* Main.storyboard */; };
		77A8FE2125E452F0001A31CA /* Assets.xcassets in Resources */ = {isa = PBXBuildFile; fileRef = 77A8FE2025E452F0001A31CA /* Assets.xcassets */; };
		77A8FE2425E452F0001A31CA /* LaunchScreen.storyboard in Resources */ = {isa = PBXBuildFile; fileRef = 77A8FE2225E452F0001A31CA /* LaunchScreen.storyboard */; };
		77A8FE3C25E456DF001A31CA /* OpenSans-Italic.ttf in Resources */ = {isa = PBXBuildFile; fileRef = 77A8FE3225E456DF001A31CA /* OpenSans-Italic.ttf */; };
		77A8FE3D25E456DF001A31CA /* OpenSans-ExtraBold.ttf in Resources */ = {isa = PBXBuildFile; fileRef = 77A8FE3325E456DF001A31CA /* OpenSans-ExtraBold.ttf */; };
		77A8FE3E25E456DF001A31CA /* OpenSans-Bold.ttf in Resources */ = {isa = PBXBuildFile; fileRef = 77A8FE3425E456DF001A31CA /* OpenSans-Bold.ttf */; };
		77A8FE3F25E456DF001A31CA /* OpenSans-Regular.ttf in Resources */ = {isa = PBXBuildFile; fileRef = 77A8FE3525E456DF001A31CA /* OpenSans-Regular.ttf */; };
		77A8FE4025E456DF001A31CA /* OpenSans-SemiBold.ttf in Resources */ = {isa = PBXBuildFile; fileRef = 77A8FE3625E456DF001A31CA /* OpenSans-SemiBold.ttf */; };
		77A8FE4125E456DF001A31CA /* OpenSans-ExtraBoldItalic.ttf in Resources */ = {isa = PBXBuildFile; fileRef = 77A8FE3725E456DF001A31CA /* OpenSans-ExtraBoldItalic.ttf */; };
		77A8FE4225E456DF001A31CA /* OpenSans-BoldItalic.ttf in Resources */ = {isa = PBXBuildFile; fileRef = 77A8FE3825E456DF001A31CA /* OpenSans-BoldItalic.ttf */; };
		77A8FE4325E456DF001A31CA /* OpenSans-LightItalic.ttf in Resources */ = {isa = PBXBuildFile; fileRef = 77A8FE3925E456DF001A31CA /* OpenSans-LightItalic.ttf */; };
		77A8FE4425E456DF001A31CA /* OpenSans-SemiBoldItalic.ttf in Resources */ = {isa = PBXBuildFile; fileRef = 77A8FE3A25E456DF001A31CA /* OpenSans-SemiBoldItalic.ttf */; };
		77A8FE4525E456DF001A31CA /* OpenSans-Light.ttf in Resources */ = {isa = PBXBuildFile; fileRef = 77A8FE3B25E456DF001A31CA /* OpenSans-Light.ttf */; };
		77A8FE4925E46D8D001A31CA /* ExpenseCell.swift in Sources */ = {isa = PBXBuildFile; fileRef = 77A8FE4725E46D8D001A31CA /* ExpenseCell.swift */; };
		77A8FE4A25E46D8D001A31CA /* ExpenseCell.xib in Resources */ = {isa = PBXBuildFile; fileRef = 77A8FE4825E46D8D001A31CA /* ExpenseCell.xib */; };
		77A8FE5125E4EFB9001A31CA /* ExpenseSectionHeader.swift in Sources */ = {isa = PBXBuildFile; fileRef = 77A8FE4F25E4EFB9001A31CA /* ExpenseSectionHeader.swift */; };
		77A8FE5225E4EFB9001A31CA /* ExpenseSectionHeader.xib in Resources */ = {isa = PBXBuildFile; fileRef = 77A8FE5025E4EFB9001A31CA /* ExpenseSectionHeader.xib */; };
		77A8FE5525E4F4B9001A31CA /* AlertStoryboard.storyboard in Resources */ = {isa = PBXBuildFile; fileRef = 77A8FE5425E4F4B9001A31CA /* AlertStoryboard.storyboard */; };
		77A8FE5825E4F4D6001A31CA /* AddExpenseAlertViewController.swift in Sources */ = {isa = PBXBuildFile; fileRef = 77A8FE5725E4F4D6001A31CA /* AddExpenseAlertViewController.swift */; };
		77A8FE5C25E4FBD0001A31CA /* AlertService.swift in Sources */ = {isa = PBXBuildFile; fileRef = 77A8FE5B25E4FBD0001A31CA /* AlertService.swift */; };
		77A8FE6025E53305001A31CA /* CustomTextField.swift in Sources */ = {isa = PBXBuildFile; fileRef = 77A8FE5F25E53305001A31CA /* CustomTextField.swift */; };
		77DBAC2725EBB5F9000061DC /* RealmService.swift in Sources */ = {isa = PBXBuildFile; fileRef = 77DBAC2625EBB5F9000061DC /* RealmService.swift */; };
		77DBAC2A25EEC223000061DC /* StatisticsViewController.swift in Sources */ = {isa = PBXBuildFile; fileRef = 77DBAC2925EEC223000061DC /* StatisticsViewController.swift */; };
/* End PBXBuildFile section */

/* Begin PBXFileReference section */
		2B3DC5EA9CA9D1997E9B9623 /* Pods-budget-lite.release.xcconfig */ = {isa = PBXFileReference; includeInIndex = 1; lastKnownFileType = text.xcconfig; name = "Pods-budget-lite.release.xcconfig"; path = "Target Support Files/Pods-budget-lite/Pods-budget-lite.release.xcconfig"; sourceTree = "<group>"; };
		46C8C167A45AC5597457335E /* Pods_budget_lite.framework */ = {isa = PBXFileReference; explicitFileType = wrapper.framework; includeInIndex = 0; path = Pods_budget_lite.framework; sourceTree = BUILT_PRODUCTS_DIR; };
		771E00A125F3DE2700C0CA58 /* Extensions.swift */ = {isa = PBXFileReference; lastKnownFileType = sourcecode.swift; path = Extensions.swift; sourceTree = "<group>"; };
		779E2AAE25E7FBAF008B084C /* Expense.swift */ = {isa = PBXFileReference; lastKnownFileType = sourcecode.swift; path = Expense.swift; sourceTree = "<group>"; };
		779E2AB525E7FE57008B084C /* SpendingDate.swift */ = {isa = PBXFileReference; lastKnownFileType = sourcecode.swift; path = SpendingDate.swift; sourceTree = "<group>"; };
		77A8FE1425E452EF001A31CA /* budget-lite.app */ = {isa = PBXFileReference; explicitFileType = wrapper.application; includeInIndex = 0; path = "budget-lite.app"; sourceTree = BUILT_PRODUCTS_DIR; };
		77A8FE1725E452EF001A31CA /* AppDelegate.swift */ = {isa = PBXFileReference; lastKnownFileType = sourcecode.swift; path = AppDelegate.swift; sourceTree = "<group>"; };
		77A8FE1925E452EF001A31CA /* SceneDelegate.swift */ = {isa = PBXFileReference; lastKnownFileType = sourcecode.swift; path = SceneDelegate.swift; sourceTree = "<group>"; };
		77A8FE1B25E452EF001A31CA /* ExpenseViewController.swift */ = {isa = PBXFileReference; lastKnownFileType = sourcecode.swift; path = ExpenseViewController.swift; sourceTree = "<group>"; };
		77A8FE1E25E452EF001A31CA /* Base */ = {isa = PBXFileReference; lastKnownFileType = file.storyboard; name = Base; path = Base.lproj/Main.storyboard; sourceTree = "<group>"; };
		77A8FE2025E452F0001A31CA /* Assets.xcassets */ = {isa = PBXFileReference; lastKnownFileType = folder.assetcatalog; path = Assets.xcassets; sourceTree = "<group>"; };
		77A8FE2325E452F0001A31CA /* Base */ = {isa = PBXFileReference; lastKnownFileType = file.storyboard; name = Base; path = Base.lproj/LaunchScreen.storyboard; sourceTree = "<group>"; };
		77A8FE2525E452F0001A31CA /* Info.plist */ = {isa = PBXFileReference; lastKnownFileType = text.plist.xml; name = Info.plist; path = "budget-lite/Supporting Files/Info.plist"; sourceTree = SOURCE_ROOT; };
		77A8FE3225E456DF001A31CA /* OpenSans-Italic.ttf */ = {isa = PBXFileReference; lastKnownFileType = file; path = "OpenSans-Italic.ttf"; sourceTree = "<group>"; };
		77A8FE3325E456DF001A31CA /* OpenSans-ExtraBold.ttf */ = {isa = PBXFileReference; lastKnownFileType = file; path = "OpenSans-ExtraBold.ttf"; sourceTree = "<group>"; };
		77A8FE3425E456DF001A31CA /* OpenSans-Bold.ttf */ = {isa = PBXFileReference; lastKnownFileType = file; path = "OpenSans-Bold.ttf"; sourceTree = "<group>"; };
		77A8FE3525E456DF001A31CA /* OpenSans-Regular.ttf */ = {isa = PBXFileReference; lastKnownFileType = file; path = "OpenSans-Regular.ttf"; sourceTree = "<group>"; };
		77A8FE3625E456DF001A31CA /* OpenSans-SemiBold.ttf */ = {isa = PBXFileReference; lastKnownFileType = file; path = "OpenSans-SemiBold.ttf"; sourceTree = "<group>"; };
		77A8FE3725E456DF001A31CA /* OpenSans-ExtraBoldItalic.ttf */ = {isa = PBXFileReference; lastKnownFileType = file; path = "OpenSans-ExtraBoldItalic.ttf"; sourceTree = "<group>"; };
		77A8FE3825E456DF001A31CA /* OpenSans-BoldItalic.ttf */ = {isa = PBXFileReference; lastKnownFileType = file; path = "OpenSans-BoldItalic.ttf"; sourceTree = "<group>"; };
		77A8FE3925E456DF001A31CA /* OpenSans-LightItalic.ttf */ = {isa = PBXFileReference; lastKnownFileType = file; path = "OpenSans-LightItalic.ttf"; sourceTree = "<group>"; };
		77A8FE3A25E456DF001A31CA /* OpenSans-SemiBoldItalic.ttf */ = {isa = PBXFileReference; lastKnownFileType = file; path = "OpenSans-SemiBoldItalic.ttf"; sourceTree = "<group>"; };
		77A8FE3B25E456DF001A31CA /* OpenSans-Light.ttf */ = {isa = PBXFileReference; lastKnownFileType = file; path = "OpenSans-Light.ttf"; sourceTree = "<group>"; };
		77A8FE4725E46D8D001A31CA /* ExpenseCell.swift */ = {isa = PBXFileReference; lastKnownFileType = sourcecode.swift; path = ExpenseCell.swift; sourceTree = "<group>"; };
		77A8FE4825E46D8D001A31CA /* ExpenseCell.xib */ = {isa = PBXFileReference; lastKnownFileType = file.xib; path = ExpenseCell.xib; sourceTree = "<group>"; };
		77A8FE4F25E4EFB9001A31CA /* ExpenseSectionHeader.swift */ = {isa = PBXFileReference; lastKnownFileType = sourcecode.swift; path = ExpenseSectionHeader.swift; sourceTree = "<group>"; };
		77A8FE5025E4EFB9001A31CA /* ExpenseSectionHeader.xib */ = {isa = PBXFileReference; lastKnownFileType = file.xib; path = ExpenseSectionHeader.xib; sourceTree = "<group>"; };
		77A8FE5425E4F4B9001A31CA /* AlertStoryboard.storyboard */ = {isa = PBXFileReference; lastKnownFileType = file.storyboard; path = AlertStoryboard.storyboard; sourceTree = "<group>"; };
		77A8FE5725E4F4D6001A31CA /* AddExpenseAlertViewController.swift */ = {isa = PBXFileReference; lastKnownFileType = sourcecode.swift; path = AddExpenseAlertViewController.swift; sourceTree = "<group>"; };
		77A8FE5B25E4FBD0001A31CA /* AlertService.swift */ = {isa = PBXFileReference; lastKnownFileType = sourcecode.swift; path = AlertService.swift; sourceTree = "<group>"; };
		77A8FE5F25E53305001A31CA /* CustomTextField.swift */ = {isa = PBXFileReference; lastKnownFileType = sourcecode.swift; path = CustomTextField.swift; sourceTree = "<group>"; };
		77DBAC2625EBB5F9000061DC /* RealmService.swift */ = {isa = PBXFileReference; lastKnownFileType = sourcecode.swift; path = RealmService.swift; sourceTree = "<group>"; };
		77DBAC2925EEC223000061DC /* StatisticsViewController.swift */ = {isa = PBXFileReference; lastKnownFileType = sourcecode.swift; path = StatisticsViewController.swift; sourceTree = "<group>"; };
		8D53A428972ACD02A6CB7EF1 /* Pods-budget-lite.debug.xcconfig */ = {isa = PBXFileReference; includeInIndex = 1; lastKnownFileType = text.xcconfig; name = "Pods-budget-lite.debug.xcconfig"; path = "Target Support Files/Pods-budget-lite/Pods-budget-lite.debug.xcconfig"; sourceTree = "<group>"; };
/* End PBXFileReference section */

/* Begin PBXFrameworksBuildPhase section */
		77A8FE1125E452EF001A31CA /* Frameworks */ = {
			isa = PBXFrameworksBuildPhase;
			buildActionMask = 2147483647;
			files = (
				32CDDCA70A770B86F22658EC /* Pods_budget_lite.framework in Frameworks */,
			);
			runOnlyForDeploymentPostprocessing = 0;
		};
/* End PBXFrameworksBuildPhase section */

/* Begin PBXGroup section */
		33BF4B9BFA4755E30F15CE6B /* Pods */ = {
			isa = PBXGroup;
			children = (
				8D53A428972ACD02A6CB7EF1 /* Pods-budget-lite.debug.xcconfig */,
				2B3DC5EA9CA9D1997E9B9623 /* Pods-budget-lite.release.xcconfig */,
			);
			path = Pods;
			sourceTree = "<group>";
		};
		7780E40A25E6CB7D004A80B4 /* Custom Elements */ = {
			isa = PBXGroup;
			children = (
				77A8FE5725E4F4D6001A31CA /* AddExpenseAlertViewController.swift */,
				77A8FE5425E4F4B9001A31CA /* AlertStoryboard.storyboard */,
				77A8FE5F25E53305001A31CA /* CustomTextField.swift */,
				7780E40C25E6CBBD004A80B4 /* Cells */,
			);
			path = "Custom Elements";
			sourceTree = "<group>";
		};
		7780E40C25E6CBBD004A80B4 /* Cells */ = {
			isa = PBXGroup;
			children = (
				77A8FE4725E46D8D001A31CA /* ExpenseCell.swift */,
				77A8FE4825E46D8D001A31CA /* ExpenseCell.xib */,
				77A8FE4F25E4EFB9001A31CA /* ExpenseSectionHeader.swift */,
				77A8FE5025E4EFB9001A31CA /* ExpenseSectionHeader.xib */,
			);
			path = Cells;
			sourceTree = "<group>";
		};
		7780E40D25E6CBF2004A80B4 /* Startup */ = {
			isa = PBXGroup;
			children = (
				77A8FE1725E452EF001A31CA /* AppDelegate.swift */,
				77A8FE1925E452EF001A31CA /* SceneDelegate.swift */,
			);
			path = Startup;
			sourceTree = "<group>";
		};
		7780E40E25E6CC0C004A80B4 /* Supporting Files */ = {
			isa = PBXGroup;
			children = (
				771E00A125F3DE2700C0CA58 /* Extensions.swift */,
				77A8FE2225E452F0001A31CA /* LaunchScreen.storyboard */,
				77A8FE2525E452F0001A31CA /* Info.plist */,
			);
			path = "Supporting Files";
			sourceTree = "<group>";
		};
		7780E40F25E6CC18004A80B4 /* Resources */ = {
			isa = PBXGroup;
			children = (
				77A8FE3125E456C9001A31CA /* Fonts */,
				77A8FE2025E452F0001A31CA /* Assets.xcassets */,
			);
			path = Resources;
			sourceTree = "<group>";
		};
		7780E41025E6CC7B004A80B4 /* Services */ = {
			isa = PBXGroup;
			children = (
				77A8FE5B25E4FBD0001A31CA /* AlertService.swift */,
				77DBAC2625EBB5F9000061DC /* RealmService.swift */,
			);
			path = Services;
			sourceTree = "<group>";
		};
		77A8FE0B25E452EF001A31CA = {
			isa = PBXGroup;
			children = (
				77A8FE1625E452EF001A31CA /* budget-lite */,
				77A8FE1525E452EF001A31CA /* Products */,
				33BF4B9BFA4755E30F15CE6B /* Pods */,
				9B4E13AC8256910974F86441 /* Frameworks */,
			);
			sourceTree = "<group>";
		};
		77A8FE1525E452EF001A31CA /* Products */ = {
			isa = PBXGroup;
			children = (
				77A8FE1425E452EF001A31CA /* budget-lite.app */,
			);
			name = Products;
			sourceTree = "<group>";
		};
		77A8FE1625E452EF001A31CA /* budget-lite */ = {
			isa = PBXGroup;
			children = (
				7780E40D25E6CBF2004A80B4 /* Startup */,
				77A8FE2F25E4532E001A31CA /* Model */,
				77A8FE2C25E45318001A31CA /* View */,
				77A8FE2D25E4531D001A31CA /* Controller */,
				7780E40A25E6CB7D004A80B4 /* Custom Elements */,
				7780E41025E6CC7B004A80B4 /* Services */,
				7780E40F25E6CC18004A80B4 /* Resources */,
				7780E40E25E6CC0C004A80B4 /* Supporting Files */,
			);
			path = "budget-lite";
			sourceTree = "<group>";
		};
		77A8FE2C25E45318001A31CA /* View */ = {
			isa = PBXGroup;
			children = (
				77A8FE1D25E452EF001A31CA /* Main.storyboard */,
			);
			path = View;
			sourceTree = "<group>";
		};
		77A8FE2D25E4531D001A31CA /* Controller */ = {
			isa = PBXGroup;
			children = (
				77A8FE1B25E452EF001A31CA /* ExpenseViewController.swift */,
				77DBAC2925EEC223000061DC /* StatisticsViewController.swift */,
			);
			path = Controller;
			sourceTree = "<group>";
		};
		77A8FE2F25E4532E001A31CA /* Model */ = {
			isa = PBXGroup;
			children = (
				779E2AB525E7FE57008B084C /* SpendingDate.swift */,
				779E2AAE25E7FBAF008B084C /* Expense.swift */,
			);
			path = Model;
			sourceTree = "<group>";
		};
		77A8FE3125E456C9001A31CA /* Fonts */ = {
			isa = PBXGroup;
			children = (
				77A8FE3425E456DF001A31CA /* OpenSans-Bold.ttf */,
				77A8FE3825E456DF001A31CA /* OpenSans-BoldItalic.ttf */,
				77A8FE3325E456DF001A31CA /* OpenSans-ExtraBold.ttf */,
				77A8FE3725E456DF001A31CA /* OpenSans-ExtraBoldItalic.ttf */,
				77A8FE3225E456DF001A31CA /* OpenSans-Italic.ttf */,
				77A8FE3B25E456DF001A31CA /* OpenSans-Light.ttf */,
				77A8FE3925E456DF001A31CA /* OpenSans-LightItalic.ttf */,
				77A8FE3525E456DF001A31CA /* OpenSans-Regular.ttf */,
				77A8FE3625E456DF001A31CA /* OpenSans-SemiBold.ttf */,
				77A8FE3A25E456DF001A31CA /* OpenSans-SemiBoldItalic.ttf */,
			);
			path = Fonts;
			sourceTree = "<group>";
		};
		9B4E13AC8256910974F86441 /* Frameworks */ = {
			isa = PBXGroup;
			children = (
				46C8C167A45AC5597457335E /* Pods_budget_lite.framework */,
			);
			name = Frameworks;
			sourceTree = "<group>";
		};
/* End PBXGroup section */

/* Begin PBXNativeTarget section */
		77A8FE1325E452EF001A31CA /* budget-lite */ = {
			isa = PBXNativeTarget;
			buildConfigurationList = 77A8FE2825E452F0001A31CA /* Build configuration list for PBXNativeTarget "budget-lite" */;
			buildPhases = (
				B8A69C9AA5B0BFD3EBB9A698 /* [CP] Check Pods Manifest.lock */,
				77A8FE1025E452EF001A31CA /* Sources */,
				77A8FE1125E452EF001A31CA /* Frameworks */,
				77A8FE1225E452EF001A31CA /* Resources */,
				7E33C00E97C30261D44CA574 /* [CP] Embed Pods Frameworks */,
			);
			buildRules = (
			);
			dependencies = (
			);
			name = "budget-lite";
			productName = "budget-lite";
			productReference = 77A8FE1425E452EF001A31CA /* budget-lite.app */;
			productType = "com.apple.product-type.application";
		};
/* End PBXNativeTarget section */

/* Begin PBXProject section */
		77A8FE0C25E452EF001A31CA /* Project object */ = {
			isa = PBXProject;
			attributes = {
				LastSwiftUpdateCheck = 1240;
				LastUpgradeCheck = 1240;
				TargetAttributes = {
					77A8FE1325E452EF001A31CA = {
						CreatedOnToolsVersion = 12.4;
					};
				};
			};
			buildConfigurationList = 77A8FE0F25E452EF001A31CA /* Build configuration list for PBXProject "budget-lite" */;
			compatibilityVersion = "Xcode 9.3";
			developmentRegion = en;
			hasScannedForEncodings = 0;
			knownRegions = (
				en,
				Base,
			);
			mainGroup = 77A8FE0B25E452EF001A31CA;
			productRefGroup = 77A8FE1525E452EF001A31CA /* Products */;
			projectDirPath = "";
			projectRoot = "";
			targets = (
				77A8FE1325E452EF001A31CA /* budget-lite */,
			);
		};
/* End PBXProject section */

/* Begin PBXResourcesBuildPhase section */
		77A8FE1225E452EF001A31CA /* Resources */ = {
			isa = PBXResourcesBuildPhase;
			buildActionMask = 2147483647;
			files = (
				77A8FE4525E456DF001A31CA /* OpenSans-Light.ttf in Resources */,
				77A8FE4425E456DF001A31CA /* OpenSans-SemiBoldItalic.ttf in Resources */,
				77A8FE5525E4F4B9001A31CA /* AlertStoryboard.storyboard in Resources */,
				77A8FE2425E452F0001A31CA /* LaunchScreen.storyboard in Resources */,
				77A8FE4125E456DF001A31CA /* OpenSans-ExtraBoldItalic.ttf in Resources */,
				77A8FE5225E4EFB9001A31CA /* ExpenseSectionHeader.xib in Resources */,
				77A8FE3C25E456DF001A31CA /* OpenSans-Italic.ttf in Resources */,
				77A8FE3E25E456DF001A31CA /* OpenSans-Bold.ttf in Resources */,
				77A8FE4A25E46D8D001A31CA /* ExpenseCell.xib in Resources */,
				77A8FE4225E456DF001A31CA /* OpenSans-BoldItalic.ttf in Resources */,
				77A8FE4325E456DF001A31CA /* OpenSans-LightItalic.ttf in Resources */,
				77A8FE3F25E456DF001A31CA /* OpenSans-Regular.ttf in Resources */,
				77A8FE4025E456DF001A31CA /* OpenSans-SemiBold.ttf in Resources */,
				77A8FE2125E452F0001A31CA /* Assets.xcassets in Resources */,
				77A8FE1F25E452EF001A31CA /* Main.storyboard in Resources */,
				77A8FE3D25E456DF001A31CA /* OpenSans-ExtraBold.ttf in Resources */,
			);
			runOnlyForDeploymentPostprocessing = 0;
		};
/* End PBXResourcesBuildPhase section */

/* Begin PBXShellScriptBuildPhase section */
		7E33C00E97C30261D44CA574 /* [CP] Embed Pods Frameworks */ = {
			isa = PBXShellScriptBuildPhase;
			buildActionMask = 2147483647;
			files = (
			);
			inputFileListPaths = (
				"${PODS_ROOT}/Target Support Files/Pods-budget-lite/Pods-budget-lite-frameworks-${CONFIGURATION}-input-files.xcfilelist",
			);
			name = "[CP] Embed Pods Frameworks";
			outputFileListPaths = (
				"${PODS_ROOT}/Target Support Files/Pods-budget-lite/Pods-budget-lite-frameworks-${CONFIGURATION}-output-files.xcfilelist",
			);
			runOnlyForDeploymentPostprocessing = 0;
			shellPath = /bin/sh;
			shellScript = "\"${PODS_ROOT}/Target Support Files/Pods-budget-lite/Pods-budget-lite-frameworks.sh\"\n";
			showEnvVarsInLog = 0;
		};
		B8A69C9AA5B0BFD3EBB9A698 /* [CP] Check Pods Manifest.lock */ = {
			isa = PBXShellScriptBuildPhase;
			buildActionMask = 2147483647;
			files = (
			);
			inputFileListPaths = (
			);
			inputPaths = (
				"${PODS_PODFILE_DIR_PATH}/Podfile.lock",
				"${PODS_ROOT}/Manifest.lock",
			);
			name = "[CP] Check Pods Manifest.lock";
			outputFileListPaths = (
			);
			outputPaths = (
				"$(DERIVED_FILE_DIR)/Pods-budget-lite-checkManifestLockResult.txt",
			);
			runOnlyForDeploymentPostprocessing = 0;
			shellPath = /bin/sh;
			shellScript = "diff \"${PODS_PODFILE_DIR_PATH}/Podfile.lock\" \"${PODS_ROOT}/Manifest.lock\" > /dev/null\nif [ $? != 0 ] ; then\n    # print error to STDERR\n    echo \"error: The sandbox is not in sync with the Podfile.lock. Run 'pod install' or update your CocoaPods installation.\" >&2\n    exit 1\nfi\n# This output is used by Xcode 'outputs' to avoid re-running this script phase.\necho \"SUCCESS\" > \"${SCRIPT_OUTPUT_FILE_0}\"\n";
			showEnvVarsInLog = 0;
		};
/* End PBXShellScriptBuildPhase section */

/* Begin PBXSourcesBuildPhase section */
		77A8FE1025E452EF001A31CA /* Sources */ = {
			isa = PBXSourcesBuildPhase;
			buildActionMask = 2147483647;
			files = (
				77A8FE5125E4EFB9001A31CA /* ExpenseSectionHeader.swift in Sources */,
				77DBAC2725EBB5F9000061DC /* RealmService.swift in Sources */,
				77A8FE5825E4F4D6001A31CA /* AddExpenseAlertViewController.swift in Sources */,
				77DBAC2A25EEC223000061DC /* StatisticsViewController.swift in Sources */,
				77A8FE5C25E4FBD0001A31CA /* AlertService.swift in Sources */,
				77A8FE4925E46D8D001A31CA /* ExpenseCell.swift in Sources */,
				77A8FE6025E53305001A31CA /* CustomTextField.swift in Sources */,
				77A8FE1C25E452EF001A31CA /* ExpenseViewController.swift in Sources */,
				771E00A225F3DE2700C0CA58 /* Extensions.swift in Sources */,
				779E2AAF25E7FBAF008B084C /* Expense.swift in Sources */,
				779E2AB625E7FE57008B084C /* SpendingDate.swift in Sources */,
				77A8FE1825E452EF001A31CA /* AppDelegate.swift in Sources */,
				77A8FE1A25E452EF001A31CA /* SceneDelegate.swift in Sources */,
			);
			runOnlyForDeploymentPostprocessing = 0;
		};
/* End PBXSourcesBuildPhase section */

/* Begin PBXVariantGroup section */
		77A8FE1D25E452EF001A31CA /* Main.storyboard */ = {
			isa = PBXVariantGroup;
			children = (
				77A8FE1E25E452EF001A31CA /* Base */,
			);
			name = Main.storyboard;
			sourceTree = "<group>";
		};
		77A8FE2225E452F0001A31CA /* LaunchScreen.storyboard */ = {
			isa = PBXVariantGroup;
			children = (
				77A8FE2325E452F0001A31CA /* Base */,
			);
			name = LaunchScreen.storyboard;
			sourceTree = "<group>";
		};
/* End PBXVariantGroup section */

/* Begin XCBuildConfiguration section */
		77A8FE2625E452F0001A31CA /* Debug */ = {
			isa = XCBuildConfiguration;
			buildSettings = {
				ALWAYS_SEARCH_USER_PATHS = NO;
				CLANG_ANALYZER_NONNULL = YES;
				CLANG_ANALYZER_NUMBER_OBJECT_CONVERSION = YES_AGGRESSIVE;
				CLANG_CXX_LANGUAGE_STANDARD = "gnu++14";
				CLANG_CXX_LIBRARY = "libc++";
				CLANG_ENABLE_MODULES = YES;
				CLANG_ENABLE_OBJC_ARC = YES;
				CLANG_ENABLE_OBJC_WEAK = YES;
				CLANG_WARN_BLOCK_CAPTURE_AUTORELEASING = YES;
				CLANG_WARN_BOOL_CONVERSION = YES;
				CLANG_WARN_COMMA = YES;
				CLANG_WARN_CONSTANT_CONVERSION = YES;
				CLANG_WARN_DEPRECATED_OBJC_IMPLEMENTATIONS = YES;
				CLANG_WARN_DIRECT_OBJC_ISA_USAGE = YES_ERROR;
				CLANG_WARN_DOCUMENTATION_COMMENTS = YES;
				CLANG_WARN_EMPTY_BODY = YES;
				CLANG_WARN_ENUM_CONVERSION = YES;
				CLANG_WARN_INFINITE_RECURSION = YES;
				CLANG_WARN_INT_CONVERSION = YES;
				CLANG_WARN_NON_LITERAL_NULL_CONVERSION = YES;
				CLANG_WARN_OBJC_IMPLICIT_RETAIN_SELF = YES;
				CLANG_WARN_OBJC_LITERAL_CONVERSION = YES;
				CLANG_WARN_OBJC_ROOT_CLASS = YES_ERROR;
				CLANG_WARN_QUOTED_INCLUDE_IN_FRAMEWORK_HEADER = YES;
				CLANG_WARN_RANGE_LOOP_ANALYSIS = YES;
				CLANG_WARN_STRICT_PROTOTYPES = YES;
				CLANG_WARN_SUSPICIOUS_MOVE = YES;
				CLANG_WARN_UNGUARDED_AVAILABILITY = YES_AGGRESSIVE;
				CLANG_WARN_UNREACHABLE_CODE = YES;
				CLANG_WARN__DUPLICATE_METHOD_MATCH = YES;
				COPY_PHASE_STRIP = NO;
				DEBUG_INFORMATION_FORMAT = dwarf;
				ENABLE_STRICT_OBJC_MSGSEND = YES;
				ENABLE_TESTABILITY = YES;
				GCC_C_LANGUAGE_STANDARD = gnu11;
				GCC_DYNAMIC_NO_PIC = NO;
				GCC_NO_COMMON_BLOCKS = YES;
				GCC_OPTIMIZATION_LEVEL = 0;
				GCC_PREPROCESSOR_DEFINITIONS = (
					"DEBUG=1",
					"$(inherited)",
				);
				GCC_WARN_64_TO_32_BIT_CONVERSION = YES;
				GCC_WARN_ABOUT_RETURN_TYPE = YES_ERROR;
				GCC_WARN_UNDECLARED_SELECTOR = YES;
				GCC_WARN_UNINITIALIZED_AUTOS = YES_AGGRESSIVE;
				GCC_WARN_UNUSED_FUNCTION = YES;
				GCC_WARN_UNUSED_VARIABLE = YES;
				IPHONEOS_DEPLOYMENT_TARGET = 14.4;
				MTL_ENABLE_DEBUG_INFO = INCLUDE_SOURCE;
				MTL_FAST_MATH = YES;
				ONLY_ACTIVE_ARCH = YES;
				SDKROOT = iphoneos;
				SWIFT_ACTIVE_COMPILATION_CONDITIONS = DEBUG;
				SWIFT_OPTIMIZATION_LEVEL = "-Onone";
			};
			name = Debug;
		};
		77A8FE2725E452F0001A31CA /* Release */ = {
			isa = XCBuildConfiguration;
			buildSettings = {
				ALWAYS_SEARCH_USER_PATHS = NO;
				CLANG_ANALYZER_NONNULL = YES;
				CLANG_ANALYZER_NUMBER_OBJECT_CONVERSION = YES_AGGRESSIVE;
				CLANG_CXX_LANGUAGE_STANDARD = "gnu++14";
				CLANG_CXX_LIBRARY = "libc++";
				CLANG_ENABLE_MODULES = YES;
				CLANG_ENABLE_OBJC_ARC = YES;
				CLANG_ENABLE_OBJC_WEAK = YES;
				CLANG_WARN_BLOCK_CAPTURE_AUTORELEASING = YES;
				CLANG_WARN_BOOL_CONVERSION = YES;
				CLANG_WARN_COMMA = YES;
				CLANG_WARN_CONSTANT_CONVERSION = YES;
				CLANG_WARN_DEPRECATED_OBJC_IMPLEMENTATIONS = YES;
				CLANG_WARN_DIRECT_OBJC_ISA_USAGE = YES_ERROR;
				CLANG_WARN_DOCUMENTATION_COMMENTS = YES;
				CLANG_WARN_EMPTY_BODY = YES;
				CLANG_WARN_ENUM_CONVERSION = YES;
				CLANG_WARN_INFINITE_RECURSION = YES;
				CLANG_WARN_INT_CONVERSION = YES;
				CLANG_WARN_NON_LITERAL_NULL_CONVERSION = YES;
				CLANG_WARN_OBJC_IMPLICIT_RETAIN_SELF = YES;
				CLANG_WARN_OBJC_LITERAL_CONVERSION = YES;
				CLANG_WARN_OBJC_ROOT_CLASS = YES_ERROR;
				CLANG_WARN_QUOTED_INCLUDE_IN_FRAMEWORK_HEADER = YES;
				CLANG_WARN_RANGE_LOOP_ANALYSIS = YES;
				CLANG_WARN_STRICT_PROTOTYPES = YES;
				CLANG_WARN_SUSPICIOUS_MOVE = YES;
				CLANG_WARN_UNGUARDED_AVAILABILITY = YES_AGGRESSIVE;
				CLANG_WARN_UNREACHABLE_CODE = YES;
				CLANG_WARN__DUPLICATE_METHOD_MATCH = YES;
				COPY_PHASE_STRIP = NO;
				DEBUG_INFORMATION_FORMAT = "dwarf-with-dsym";
				ENABLE_NS_ASSERTIONS = NO;
				ENABLE_STRICT_OBJC_MSGSEND = YES;
				GCC_C_LANGUAGE_STANDARD = gnu11;
				GCC_NO_COMMON_BLOCKS = YES;
				GCC_WARN_64_TO_32_BIT_CONVERSION = YES;
				GCC_WARN_ABOUT_RETURN_TYPE = YES_ERROR;
				GCC_WARN_UNDECLARED_SELECTOR = YES;
				GCC_WARN_UNINITIALIZED_AUTOS = YES_AGGRESSIVE;
				GCC_WARN_UNUSED_FUNCTION = YES;
				GCC_WARN_UNUSED_VARIABLE = YES;
				IPHONEOS_DEPLOYMENT_TARGET = 14.4;
				MTL_ENABLE_DEBUG_INFO = NO;
				MTL_FAST_MATH = YES;
				SDKROOT = iphoneos;
				SWIFT_COMPILATION_MODE = wholemodule;
				SWIFT_OPTIMIZATION_LEVEL = "-O";
				VALIDATE_PRODUCT = YES;
			};
			name = Release;
		};
		77A8FE2925E452F0001A31CA /* Debug */ = {
			isa = XCBuildConfiguration;
			baseConfigurationReference = 8D53A428972ACD02A6CB7EF1 /* Pods-budget-lite.debug.xcconfig */;
			buildSettings = {
				ASSETCATALOG_COMPILER_APPICON_NAME = AppIcon;
				ASSETCATALOG_COMPILER_GLOBAL_ACCENT_COLOR_NAME = AccentColor;
				CODE_SIGN_STYLE = Automatic;
				DEVELOPMENT_TEAM = U7H33QQUBP;
				INFOPLIST_FILE = "budget-lite/Supporting Files/Info.plist";
				LD_RUNPATH_SEARCH_PATHS = (
					"$(inherited)",
					"@executable_path/Frameworks",
				);
				PRODUCT_BUNDLE_IDENTIFIER = "marijuslau.budget-lite";
				PRODUCT_NAME = "$(TARGET_NAME)";
				SWIFT_VERSION = 5.0;
				TARGETED_DEVICE_FAMILY = "1,2";
			};
			name = Debug;
		};
		77A8FE2A25E452F0001A31CA /* Release */ = {
			isa = XCBuildConfiguration;
			baseConfigurationReference = 2B3DC5EA9CA9D1997E9B9623 /* Pods-budget-lite.release.xcconfig */;
			buildSettings = {
				ASSETCATALOG_COMPILER_APPICON_NAME = AppIcon;
				ASSETCATALOG_COMPILER_GLOBAL_ACCENT_COLOR_NAME = AccentColor;
				CODE_SIGN_STYLE = Automatic;
				DEVELOPMENT_TEAM = U7H33QQUBP;
				INFOPLIST_FILE = "budget-lite/Supporting Files/Info.plist";
				LD_RUNPATH_SEARCH_PATHS = (
					"$(inherited)",
					"@executable_path/Frameworks",
				);
				PRODUCT_BUNDLE_IDENTIFIER = "marijuslau.budget-lite";
				PRODUCT_NAME = "$(TARGET_NAME)";
				SWIFT_VERSION = 5.0;
				TARGETED_DEVICE_FAMILY = "1,2";
			};
			name = Release;
		};
/* End XCBuildConfiguration section */

/* Begin XCConfigurationList section */
		77A8FE0F25E452EF001A31CA /* Build configuration list for PBXProject "budget-lite" */ = {
			isa = XCConfigurationList;
			buildConfigurations = (
				77A8FE2625E452F0001A31CA /* Debug */,
				77A8FE2725E452F0001A31CA /* Release */,
			);
			defaultConfigurationIsVisible = 0;
			defaultConfigurationName = Release;
		};
		77A8FE2825E452F0001A31CA /* Build configuration list for PBXNativeTarget "budget-lite" */ = {
			isa = XCConfigurationList;
			buildConfigurations = (
				77A8FE2925E452F0001A31CA /* Debug */,
				77A8FE2A25E452F0001A31CA /* Release */,
			);
			defaultConfigurationIsVisible = 0;
			defaultConfigurationName = Release;
		};
/* End XCConfigurationList section */
	};
	rootObject = 77A8FE0C25E452EF001A31CA /* Project object */;
}
